
Microsoft Visual Studio Solution File, Format Version 12.00
# Visual Studio Version 16
VisualStudioVersion = 16.0.32901.82
MinimumVisualStudioVersion = 10.0.40219.1
Project("{FAE04EC0-301F-11D3-BF4B-00C04F79EFBC}") = "GroupWork5", "GroupWork5\GroupWork5.csproj", "{BF7B1DA1-9CE1-4C44-AFE9-E330A5A0BAB8}"
EndProject
Global
	GlobalSection(SolutionConfigurationPlatforms) = preSolution
		Debug|Any CPU = Debug|Any CPU
		Release|Any CPU = Release|Any CPU
	EndGlobalSection
	GlobalSection(ProjectConfigurationPlatforms) = postSolution
		{BF7B1DA1-9CE1-4C44-AFE9-E330A5A0BAB8}.Debug|Any CPU.ActiveCfg = Debug|Any CPU
		{BF7B1DA1-9CE1-4C44-AFE9-E330A5A0BAB8}.Debug|Any CPU.Build.0 = Debug|Any CPU
		{BF7B1DA1-9CE1-4C44-AFE9-E330A5A0BAB8}.Release|Any CPU.ActiveCfg = Release|Any CPU
		{BF7B1DA1-9CE1-4C44-AFE9-E330A5A0BAB8}.Release|Any CPU.Build.0 = Release|Any CPU
	EndGlobalSection
	GlobalSection(SolutionProperties) = preSolution
		HideSolutionNode = FALSE
	EndGlobalSection
	GlobalSection(ExtensibilityGlobals) = postSolution
		SolutionGuid = {7DCBE911-730F-4255-830A-F7901030D4F1}
	EndGlobalSection
EndGlobal
